{
  "name": "pipelines-test-100",
  "version": "1.0.0",
  "lockfileVersion": 2,
  "requires": true,
  "packages": {
    "": {
      "name": "pipelines-test-100",
      "version": "1.0.0",
      "license": "ISC",
      "dependencies": {
        "typescript": "^4.0.5"
      },
      "devDependencies": {
        "@types/node": "^17.0.23"
      }
    },
    "node_modules/@types/node": {
      "version": "17.0.23",
      "resolved": "https://entplus.jfrog.io/artifactory/api/npm/npm-virtual/@types/node/-/node-17.0.23.tgz",
      "integrity": "sha512-UxDxWn7dl97rKVeVS61vErvw086aCYhDLyvRQZ5Rk65rZKepaFdm53GeqXaKBuOhED4e9uWq34IC3TdSdJJ2Gw==",
      "dev": true,
      "license": "MIT"
    },
    "node_modules/typescript": {
      "version": "4.0.5",
      "resolved": "https://entplus.jfrog.io/artifactory/api/npm/npm-virtual/typescript/-/typescript-4.0.5.tgz",
      "integrity": "sha1-rp3d/RBp8ctb6z7zshcN18EzI4k=",
      "license": "Apache-2.0",
      "bin": {
        "tsc": "bin/tsc",
        "tsserver": "bin/tsserver"
      },
      "engines": {
        "node": ">=4.2.0"
      }
    }
  },
  "dependencies": {
    "@types/node": {
      "version": "17.0.23",
      "resolved": "https://entplus.jfrog.io/artifactory/api/npm/npm-virtual/@types/node/-/node-17.0.23.tgz",
      "integrity": "sha512-UxDxWn7dl97rKVeVS61vErvw086aCYhDLyvRQZ5Rk65rZKepaFdm53GeqXaKBuOhED4e9uWq34IC3TdSdJJ2Gw==",
      "dev": true
    },
    "typescript": {
      "version": "4.0.5",
      "resolved": "https://entplus.jfrog.io/artifactory/api/npm/npm-virtual/typescript/-/typescript-4.0.5.tgz",
      "integrity": "sha1-rp3d/RBp8ctb6z7zshcN18EzI4k="
    }
  }
}
